// !$*UTF8*$!
{
	archiveVersion = 1;
	classes = {
	};
	objectVersion = 55;
	objects = {

/* Begin PBXBuildFile section */
		9778A68C27036CAA00203605 /* ReadingView.swift in Sources */ = {isa = PBXBuildFile; fileRef = 9778A68B27036CAA00203605 /* ReadingView.swift */; };
		97A54F8E2701F80C00760E54 /* BookRatingView.swift in Sources */ = {isa = PBXBuildFile; fileRef = 97A54F8D2701F80C00760E54 /* BookRatingView.swift */; };
		97A54F902702956A00760E54 /* ToggleStyleView.swift in Sources */ = {isa = PBXBuildFile; fileRef = 97A54F8F2702956A00760E54 /* ToggleStyleView.swift */; };
		97B50D58270121080050B308 /* Lesson_15App.swift in Sources */ = {isa = PBXBuildFile; fileRef = 97B50D57270121080050B308 /* Lesson_15App.swift */; };
		97B50D5A270121080050B308 /* ContentView.swift in Sources */ = {isa = PBXBuildFile; fileRef = 97B50D59270121080050B308 /* ContentView.swift */; };
		97B50D5C2701210B0050B308 /* Assets.xcassets in Resources */ = {isa = PBXBuildFile; fileRef = 97B50D5B2701210B0050B308 /* Assets.xcassets */; };
		97B50D5F2701210B0050B308 /* Preview Assets.xcassets in Resources */ = {isa = PBXBuildFile; fileRef = 97B50D5E2701210B0050B308 /* Preview Assets.xcassets */; };
		97B50D6B270122210050B308 /* Data.json in Resources */ = {isa = PBXBuildFile; fileRef = 97B50D6A270122210050B308 /* Data.json */; };
		97B50D6D27012D320050B308 /* DataService.swift in Sources */ = {isa = PBXBuildFile; fileRef = 97B50D6C27012D320050B308 /* DataService.swift */; };
		97B50D6F27012D640050B308 /* Book.swift in Sources */ = {isa = PBXBuildFile; fileRef = 97B50D6E27012D640050B308 /* Book.swift */; };
		97B50D71270131D20050B308 /* BookModel.swift in Sources */ = {isa = PBXBuildFile; fileRef = 97B50D70270131D20050B308 /* BookModel.swift */; };
/* End PBXBuildFile section */

/* Begin PBXFileReference section */
		9778A68B27036CAA00203605 /* ReadingView.swift */ = {isa = PBXFileReference; lastKnownFileType = sourcecode.swift; path = ReadingView.swift; sourceTree = "<group>"; };
		97A54F8D2701F80C00760E54 /* BookRatingView.swift */ = {isa = PBXFileReference; lastKnownFileType = sourcecode.swift; path = BookRatingView.swift; sourceTree = "<group>"; };
		97A54F8F2702956A00760E54 /* ToggleStyleView.swift */ = {isa = PBXFileReference; lastKnownFileType = sourcecode.swift; path = ToggleStyleView.swift; sourceTree = "<group>"; };
		97B50D54270121080050B308 /* Lesson 15.app */ = {isa = PBXFileReference; explicitFileType = wrapper.application; includeInIndex = 0; path = "Lesson 15.app"; sourceTree = BUILT_PRODUCTS_DIR; };
		97B50D57270121080050B308 /* Lesson_15App.swift */ = {isa = PBXFileReference; lastKnownFileType = sourcecode.swift; path = Lesson_15App.swift; sourceTree = "<group>"; };
		97B50D59270121080050B308 /* ContentView.swift */ = {isa = PBXFileReference; lastKnownFileType = sourcecode.swift; path = ContentView.swift; sourceTree = "<group>"; };
		97B50D5B2701210B0050B308 /* Assets.xcassets */ = {isa = PBXFileReference; lastKnownFileType = folder.assetcatalog; path = Assets.xcassets; sourceTree = "<group>"; };
		97B50D5E2701210B0050B308 /* Preview Assets.xcassets */ = {isa = PBXFileReference; lastKnownFileType = folder.assetcatalog; path = "Preview Assets.xcassets"; sourceTree = "<group>"; };
		97B50D6A270122210050B308 /* Data.json */ = {isa = PBXFileReference; fileEncoding = 4; lastKnownFileType = text.json; name = Data.json; path = "Data and Assets/Data.json"; sourceTree = SOURCE_ROOT; };
		97B50D6C27012D320050B308 /* DataService.swift */ = {isa = PBXFileReference; lastKnownFileType = sourcecode.swift; path = DataService.swift; sourceTree = "<group>"; };
		97B50D6E27012D640050B308 /* Book.swift */ = {isa = PBXFileReference; lastKnownFileType = sourcecode.swift; path = Book.swift; sourceTree = "<group>"; };
		97B50D70270131D20050B308 /* BookModel.swift */ = {isa = PBXFileReference; lastKnownFileType = sourcecode.swift; path = BookModel.swift; sourceTree = "<group>"; };
/* End PBXFileReference section */

/* Begin PBXFrameworksBuildPhase section */
		97B50D51270121080050B308 /* Frameworks */ = {
			isa = PBXFrameworksBuildPhase;
			buildActionMask = 2147483647;
			files = (
			);
			runOnlyForDeploymentPostprocessing = 0;
		};
/* End PBXFrameworksBuildPhase section */

/* Begin PBXGroup section */
		97B50D4B270121080050B308 = {
			isa = PBXGroup;
			children = (
				97B50D56270121080050B308 /* Lesson 15 */,
				97B50D55270121080050B308 /* Products */,
			);
			sourceTree = "<group>";
		};
		97B50D55270121080050B308 /* Products */ = {
			isa = PBXGroup;
			children = (
				97B50D54270121080050B308 /* Lesson 15.app */,
			);
			name = Products;
			sourceTree = "<group>";
		};
		97B50D56270121080050B308 /* Lesson 15 */ = {
			isa = PBXGroup;
			children = (
				97B50D57270121080050B308 /* Lesson_15App.swift */,
				97B50D67270121AF0050B308 /* ViewModels */,
				97B50D662701219D0050B308 /* Views */,
				97B50D68270121C30050B308 /* Models */,
				97B50D69270121F00050B308 /* Services */,
				97B50D652701218D0050B308 /* Data */,
				97B50D5B2701210B0050B308 /* Assets.xcassets */,
				97B50D5D2701210B0050B308 /* Preview Content */,
			);
			path = "Lesson 15";
			sourceTree = "<group>";
		};
		97B50D5D2701210B0050B308 /* Preview Content */ = {
			isa = PBXGroup;
			children = (
				97B50D5E2701210B0050B308 /* Preview Assets.xcassets */,
			);
			path = "Preview Content";
			sourceTree = "<group>";
		};
		97B50D652701218D0050B308 /* Data */ = {
			isa = PBXGroup;
			children = (
				97B50D6A270122210050B308 /* Data.json */,
			);
			path = Data;
			sourceTree = "<group>";
		};
		97B50D662701219D0050B308 /* Views */ = {
			isa = PBXGroup;
			children = (
				97B50D59270121080050B308 /* ContentView.swift */,
				97A54F8D2701F80C00760E54 /* BookRatingView.swift */,
				97A54F8F2702956A00760E54 /* ToggleStyleView.swift */,
				9778A68B27036CAA00203605 /* ReadingView.swift */,
			);
			path = Views;
			sourceTree = "<group>";
		};
		97B50D67270121AF0050B308 /* ViewModels */ = {
			isa = PBXGroup;
			children = (
				97B50D70270131D20050B308 /* BookModel.swift */,
			);
			path = ViewModels;
			sourceTree = "<group>";
		};
		97B50D68270121C30050B308 /* Models */ = {
			isa = PBXGroup;
			children = (
				97B50D6E27012D640050B308 /* Book.swift */,
			);
			path = Models;
			sourceTree = "<group>";
		};
		97B50D69270121F00050B308 /* Services */ = {
			isa = PBXGroup;
			children = (
				97B50D6C27012D320050B308 /* DataService.swift */,
			);
			path = Services;
			sourceTree = "<group>";
		};
/* End PBXGroup section */

/* Begin PBXNativeTarget section */
		97B50D53270121080050B308 /* Lesson 15 */ = {
			isa = PBXNativeTarget;
			buildConfigurationList = 97B50D622701210B0050B308 /* Build configuration list for PBXNativeTarget "Lesson 15" */;
			buildPhases = (
				97B50D50270121080050B308 /* Sources */,
				97B50D51270121080050B308 /* Frameworks */,
				97B50D52270121080050B308 /* Resources */,
			);
			buildRules = (
			);
			dependencies = (
			);
			name = "Lesson 15";
			productName = "Lesson 15";
			productReference = 97B50D54270121080050B308 /* Lesson 15.app */;
			productType = "com.apple.product-type.application";
		};
/* End PBXNativeTarget section */

/* Begin PBXProject section */
		97B50D4C270121080050B308 /* Project object */ = {
			isa = PBXProject;
			attributes = {
				BuildIndependentTargetsInParallel = 1;
				LastSwiftUpdateCheck = 1300;
				LastUpgradeCheck = 1300;
				TargetAttributes = {
					97B50D53270121080050B308 = {
						CreatedOnToolsVersion = 13.0;
					};
				};
			};
			buildConfigurationList = 97B50D4F270121080050B308 /* Build configuration list for PBXProject "Lesson 15" */;
			compatibilityVersion = "Xcode 13.0";
			developmentRegion = en;
			hasScannedForEncodings = 0;
			knownRegions = (
				en,
				Base,
			);
			mainGroup = 97B50D4B270121080050B308;
			productRefGroup = 97B50D55270121080050B308 /* Products */;
			projectDirPath = "";
			projectRoot = "";
			targets = (
				97B50D53270121080050B308 /* Lesson 15 */,
			);
		};
/* End PBXProject section */

/* Begin PBXResourcesBuildPhase section */
		97B50D52270121080050B308 /* Resources */ = {
			isa = PBXResourcesBuildPhase;
			buildActionMask = 2147483647;
			files = (
				97B50D5F2701210B0050B308 /* Preview Assets.xcassets in Resources */,
				97B50D5C2701210B0050B308 /* Assets.xcassets in Resources */,
				97B50D6B270122210050B308 /* Data.json in Resources */,
			);
			runOnlyForDeploymentPostprocessing = 0;
		};
/* End PBXResourcesBuildPhase section */

/* Begin PBXSourcesBuildPhase section */
		97B50D50270121080050B308 /* Sources */ = {
			isa = PBXSourcesBuildPhase;
			buildActionMask = 2147483647;
			files = (
				97A54F902702956A00760E54 /* ToggleStyleView.swift in Sources */,
				9778A68C27036CAA00203605 /* ReadingView.swift in Sources */,
				97A54F8E2701F80C00760E54 /* BookRatingView.swift in Sources */,
				97B50D6F27012D640050B308 /* Book.swift in Sources */,
				97B50D6D27012D320050B308 /* DataService.swift in Sources */,
				97B50D5A270121080050B308 /* ContentView.swift in Sources */,
				97B50D71270131D20050B308 /* BookModel.swift in Sources */,
				97B50D58270121080050B308 /* Lesson_15App.swift in Sources */,
			);
			runOnlyForDeploymentPostprocessing = 0;
		};
/* End PBXSourcesBuildPhase section */

/* Begin XCBuildConfiguration section */
		97B50D602701210B0050B308 /* Debug */ = {
			isa = XCBuildConfiguration;
			buildSettings = {
				ALWAYS_SEARCH_USER_PATHS = NO;
				CLANG_ANALYZER_NONNULL = YES;
				CLANG_ANALYZER_NUMBER_OBJECT_CONVERSION = YES_AGGRESSIVE;
				CLANG_CXX_LANGUAGE_STANDARD = "gnu++17";
				CLANG_CXX_LIBRARY = "libc++";
				CLANG_ENABLE_MODULES = YES;
				CLANG_ENABLE_OBJC_ARC = YES;
				CLANG_ENABLE_OBJC_WEAK = YES;
				CLANG_WARN_BLOCK_CAPTURE_AUTORELEASING = YES;
				CLANG_WARN_BOOL_CONVERSION = YES;
				CLANG_WARN_COMMA = YES;
				CLANG_WARN_CONSTANT_CONVERSION = YES;
				CLANG_WARN_DEPRECATED_OBJC_IMPLEMENTATIONS = YES;
				CLANG_WARN_DIRECT_OBJC_ISA_USAGE = YES_ERROR;
				CLANG_WARN_DOCUMENTATION_COMMENTS = YES;
				CLANG_WARN_EMPTY_BODY = YES;
				CLANG_WARN_ENUM_CONVERSION = YES;
				CLANG_WARN_INFINITE_RECURSION = YES;
				CLANG_WARN_INT_CONVERSION = YES;
				CLANG_WARN_NON_LITERAL_NULL_CONVERSION = YES;
				CLANG_WARN_OBJC_IMPLICIT_RETAIN_SELF = YES;
				CLANG_WARN_OBJC_LITERAL_CONVERSION = YES;
				CLANG_WARN_OBJC_ROOT_CLASS = YES_ERROR;
				CLANG_WARN_QUOTED_INCLUDE_IN_FRAMEWORK_HEADER = YES;
				CLANG_WARN_RANGE_LOOP_ANALYSIS = YES;
				CLANG_WARN_STRICT_PROTOTYPES = YES;
				CLANG_WARN_SUSPICIOUS_MOVE = YES;
				CLANG_WARN_UNGUARDED_AVAILABILITY = YES_AGGRESSIVE;
				CLANG_WARN_UNREACHABLE_CODE = YES;
				CLANG_WARN__DUPLICATE_METHOD_MATCH = YES;
				COPY_PHASE_STRIP = NO;
				DEBUG_INFORMATION_FORMAT = dwarf;
				ENABLE_STRICT_OBJC_MSGSEND = YES;
				ENABLE_TESTABILITY = YES;
				GCC_C_LANGUAGE_STANDARD = gnu11;
				GCC_DYNAMIC_NO_PIC = NO;
				GCC_NO_COMMON_BLOCKS = YES;
				GCC_OPTIMIZATION_LEVEL = 0;
				GCC_PREPROCESSOR_DEFINITIONS = (
					"DEBUG=1",
					"$(inherited)",
				);
				GCC_WARN_64_TO_32_BIT_CONVERSION = YES;
				GCC_WARN_ABOUT_RETURN_TYPE = YES_ERROR;
				GCC_WARN_UNDECLARED_SELECTOR = YES;
				GCC_WARN_UNINITIALIZED_AUTOS = YES_AGGRESSIVE;
				GCC_WARN_UNUSED_FUNCTION = YES;
				GCC_WARN_UNUSED_VARIABLE = YES;
				IPHONEOS_DEPLOYMENT_TARGET = 15.0;
				MTL_ENABLE_DEBUG_INFO = INCLUDE_SOURCE;
				MTL_FAST_MATH = YES;
				ONLY_ACTIVE_ARCH = YES;
				SDKROOT = iphoneos;
				SWIFT_ACTIVE_COMPILATION_CONDITIONS = DEBUG;
				SWIFT_OPTIMIZATION_LEVEL = "-Onone";
			};
			name = Debug;
		};
		97B50D612701210B0050B308 /* Release */ = {
			isa = XCBuildConfiguration;
			buildSettings = {
				ALWAYS_SEARCH_USER_PATHS = NO;
				CLANG_ANALYZER_NONNULL = YES;
				CLANG_ANALYZER_NUMBER_OBJECT_CONVERSION = YES_AGGRESSIVE;
				CLANG_CXX_LANGUAGE_STANDARD = "gnu++17";
				CLANG_CXX_LIBRARY = "libc++";
				CLANG_ENABLE_MODULES = YES;
				CLANG_ENABLE_OBJC_ARC = YES;
				CLANG_ENABLE_OBJC_WEAK = YES;
				CLANG_WARN_BLOCK_CAPTURE_AUTORELEASING = YES;
				CLANG_WARN_BOOL_CONVERSION = YES;
				CLANG_WARN_COMMA = YES;
				CLANG_WARN_CONSTANT_CONVERSION = YES;
				CLANG_WARN_DEPRECATED_OBJC_IMPLEMENTATIONS = YES;
				CLANG_WARN_DIRECT_OBJC_ISA_USAGE = YES_ERROR;
				CLANG_WARN_DOCUMENTATION_COMMENTS = YES;
				CLANG_WARN_EMPTY_BODY = YES;
				CLANG_WARN_ENUM_CONVERSION = YES;
				CLANG_WARN_INFINITE_RECURSION = YES;
				CLANG_WARN_INT_CONVERSION = YES;
				CLANG_WARN_NON_LITERAL_NULL_CONVERSION = YES;
				CLANG_WARN_OBJC_IMPLICIT_RETAIN_SELF = YES;
				CLANG_WARN_OBJC_LITERAL_CONVERSION = YES;
				CLANG_WARN_OBJC_ROOT_CLASS = YES_ERROR;
				CLANG_WARN_QUOTED_INCLUDE_IN_FRAMEWORK_HEADER = YES;
				CLANG_WARN_RANGE_LOOP_ANALYSIS = YES;
				CLANG_WARN_STRICT_PROTOTYPES = YES;
				CLANG_WARN_SUSPICIOUS_MOVE = YES;
				CLANG_WARN_UNGUARDED_AVAILABILITY = YES_AGGRESSIVE;
				CLANG_WARN_UNREACHABLE_CODE = YES;
				CLANG_WARN__DUPLICATE_METHOD_MATCH = YES;
				COPY_PHASE_STRIP = NO;
				DEBUG_INFORMATION_FORMAT = "dwarf-with-dsym";
				ENABLE_NS_ASSERTIONS = NO;
				ENABLE_STRICT_OBJC_MSGSEND = YES;
				GCC_C_LANGUAGE_STANDARD = gnu11;
				GCC_NO_COMMON_BLOCKS = YES;
				GCC_WARN_64_TO_32_BIT_CONVERSION = YES;
				GCC_WARN_ABOUT_RETURN_TYPE = YES_ERROR;
				GCC_WARN_UNDECLARED_SELECTOR = YES;
				GCC_WARN_UNINITIALIZED_AUTOS = YES_AGGRESSIVE;
				GCC_WARN_UNUSED_FUNCTION = YES;
				GCC_WARN_UNUSED_VARIABLE = YES;
				IPHONEOS_DEPLOYMENT_TARGET = 15.0;
				MTL_ENABLE_DEBUG_INFO = NO;
				MTL_FAST_MATH = YES;
				SDKROOT = iphoneos;
				SWIFT_COMPILATION_MODE = wholemodule;
				SWIFT_OPTIMIZATION_LEVEL = "-O";
				VALIDATE_PRODUCT = YES;
			};
			name = Release;
		};
		97B50D632701210B0050B308 /* Debug */ = {
			isa = XCBuildConfiguration;
			buildSettings = {
				ASSETCATALOG_COMPILER_APPICON_NAME = AppIcon;
				ASSETCATALOG_COMPILER_GLOBAL_ACCENT_COLOR_NAME = AccentColor;
				CODE_SIGN_IDENTITY = "Apple Development";
				CODE_SIGN_STYLE = Automatic;
				CURRENT_PROJECT_VERSION = 1;
				DEVELOPMENT_ASSET_PATHS = "\"Lesson 15/Preview Content\"";
				DEVELOPMENT_TEAM = H6PCRYPF8S;
				ENABLE_PREVIEWS = YES;
				GENERATE_INFOPLIST_FILE = YES;
				INFOPLIST_KEY_UIApplicationSceneManifest_Generation = YES;
				INFOPLIST_KEY_UIApplicationSupportsIndirectInputEvents = YES;
				INFOPLIST_KEY_UILaunchScreen_Generation = YES;
				INFOPLIST_KEY_UISupportedInterfaceOrientations_iPad = "UIInterfaceOrientationPortrait UIInterfaceOrientationPortraitUpsideDown UIInterfaceOrientationLandscapeLeft UIInterfaceOrientationLandscapeRight";
				INFOPLIST_KEY_UISupportedInterfaceOrientations_iPhone = "UIInterfaceOrientationPortrait UIInterfaceOrientationLandscapeLeft UIInterfaceOrientationLandscapeRight";
				IPHONEOS_DEPLOYMENT_TARGET = 14.0;
				LD_RUNPATH_SEARCH_PATHS = (
					"$(inherited)",
					"@executable_path/Frameworks",
				);
				MARKETING_VERSION = 1.0;
				PRODUCT_BUNDLE_IDENTIFIER = "Private.Lesson-15";
				PRODUCT_NAME = "$(TARGET_NAME)";
				PROVISIONING_PROFILE_SPECIFIER = "";
				SWIFT_EMIT_LOC_STRINGS = YES;
				SWIFT_VERSION = 5.0;
				TARGETED_DEVICE_FAMILY = "1,2";
			};
			name = Debug;
		};
		97B50D642701210B0050B308 /* Release */ = {
			isa = XCBuildConfiguration;
			buildSettings = {
				ASSETCATALOG_COMPILER_APPICON_NAME = AppIcon;
				ASSETCATALOG_COMPILER_GLOBAL_ACCENT_COLOR_NAME = AccentColor;
				CODE_SIGN_IDENTITY = "Apple Development";
				CODE_SIGN_STYLE = Automatic;
				CURRENT_PROJECT_VERSION = 1;
				DEVELOPMENT_ASSET_PATHS = "\"Lesson 15/Preview Content\"";
				DEVELOPMENT_TEAM = H6PCRYPF8S;
				ENABLE_PREVIEWS = YES;
				GENERATE_INFOPLIST_FILE = YES;
				INFOPLIST_KEY_UIApplicationSceneManifest_Generation = YES;
				INFOPLIST_KEY_UIApplicationSupportsIndirectInputEvents = YES;
				INFOPLIST_KEY_UILaunchScreen_Generation = YES;
				INFOPLIST_KEY_UISupportedInterfaceOrientations_iPad = "UIInterfaceOrientationPortrait UIInterfaceOrientationPortraitUpsideDown UIInterfaceOrientationLandscapeLeft UIInterfaceOrientationLandscapeRight";
				INFOPLIST_KEY_UISupportedInterfaceOrientations_iPhone = "UIInterfaceOrientationPortrait UIInterfaceOrientationLandscapeLeft UIInterfaceOrientationLandscapeRight";
				IPHONEOS_DEPLOYMENT_TARGET = 14.0;
				LD_RUNPATH_SEARCH_PATHS = (
					"$(inherited)",
					"@executable_path/Frameworks",
				);
				MARKETING_VERSION = 1.0;
				PRODUCT_BUNDLE_IDENTIFIER = "Private.Lesson-15";
				PRODUCT_NAME = "$(TARGET_NAME)";
				PROVISIONING_PROFILE_SPECIFIER = "";
				SWIFT_EMIT_LOC_STRINGS = YES;
				SWIFT_VERSION = 5.0;
				TARGETED_DEVICE_FAMILY = "1,2";
			};
			name = Release;
		};
/* End XCBuildConfiguration section */

/* Begin XCConfigurationList section */
		97B50D4F270121080050B308 /* Build configuration list for PBXProject "Lesson 15" */ = {
			isa = XCConfigurationList;
			buildConfigurations = (
				97B50D602701210B0050B308 /* Debug */,
				97B50D612701210B0050B308 /* Release */,
			);
			defaultConfigurationIsVisible = 0;
			defaultConfigurationName = Release;
		};
		97B50D622701210B0050B308 /* Build configuration list for PBXNativeTarget "Lesson 15" */ = {
			isa = XCConfigurationList;
			buildConfigurations = (
				97B50D632701210B0050B308 /* Debug */,
				97B50D642701210B0050B308 /* Release */,
			);
			defaultConfigurationIsVisible = 0;
			defaultConfigurationName = Release;
		};
/* End XCConfigurationList section */
	};
	rootObject = 97B50D4C270121080050B308 /* Project object */;
}
